// !$*UTF8*$!
{
	archiveVersion = 1;
	classes = {
	};
	objectVersion = 46;
	objects = {

/* Begin PBXBuildFile section */
		F9369A671F2713D000AC5F1A /* AppDelegate.swift in Sources */ = {isa = PBXBuildFile; fileRef = F9369A661F2713D000AC5F1A /* AppDelegate.swift */; };
		F9369A691F2713D000AC5F1A /* ViewController.swift in Sources */ = {isa = PBXBuildFile; fileRef = F9369A681F2713D000AC5F1A /* ViewController.swift */; };
		F9369A6C1F2713D000AC5F1A /* Main.storyboard in Resources */ = {isa = PBXBuildFile; fileRef = F9369A6A1F2713D000AC5F1A /* Main.storyboard */; };
		F9369A6E1F2713D000AC5F1A /* Assets.xcassets in Resources */ = {isa = PBXBuildFile; fileRef = F9369A6D1F2713D000AC5F1A /* Assets.xcassets */; };
		F9369A711F2713D000AC5F1A /* LaunchScreen.storyboard in Resources */ = {isa = PBXBuildFile; fileRef = F9369A6F1F2713D000AC5F1A /* LaunchScreen.storyboard */; };
		F9369A7C1F2713D000AC5F1A /* BuildAutomationTests.swift in Sources */ = {isa = PBXBuildFile; fileRef = F9369A7B1F2713D000AC5F1A /* BuildAutomationTests.swift */; };
/* End PBXBuildFile section */

/* Begin PBXContainerItemProxy section */
		F9369A781F2713D000AC5F1A /* PBXContainerItemProxy */ = {
			isa = PBXContainerItemProxy;
			containerPortal = F9369A5B1F2713D000AC5F1A /* Project object */;
			proxyType = 1;
			remoteGlobalIDString = F9369A621F2713D000AC5F1A;
			remoteInfo = BuildAutomation;
		};
/* End PBXContainerItemProxy section */

/* Begin PBXFileReference section */
		F9369A631F2713D000AC5F1A /* BuildAutomation.app */ = {isa = PBXFileReference; explicitFileType = wrapper.application; includeInIndex = 0; path = BuildAutomation.app; sourceTree = BUILT_PRODUCTS_DIR; };
		F9369A661F2713D000AC5F1A /* AppDelegate.swift */ = {isa = PBXFileReference; lastKnownFileType = sourcecode.swift; path = AppDelegate.swift; sourceTree = "<group>"; };
		F9369A681F2713D000AC5F1A /* ViewController.swift */ = {isa = PBXFileReference; lastKnownFileType = sourcecode.swift; path = ViewController.swift; sourceTree = "<group>"; };
		F9369A6B1F2713D000AC5F1A /* Base */ = {isa = PBXFileReference; lastKnownFileType = file.storyboard; name = Base; path = Base.lproj/Main.storyboard; sourceTree = "<group>"; };
		F9369A6D1F2713D000AC5F1A /* Assets.xcassets */ = {isa = PBXFileReference; lastKnownFileType = folder.assetcatalog; path = Assets.xcassets; sourceTree = "<group>"; };
		F9369A701F2713D000AC5F1A /* Base */ = {isa = PBXFileReference; lastKnownFileType = file.storyboard; name = Base; path = Base.lproj/LaunchScreen.storyboard; sourceTree = "<group>"; };
		F9369A721F2713D000AC5F1A /* Info.plist */ = {isa = PBXFileReference; lastKnownFileType = text.plist.xml; path = Info.plist; sourceTree = "<group>"; };
		F9369A771F2713D000AC5F1A /* BuildAutomationTests.xctest */ = {isa = PBXFileReference; explicitFileType = wrapper.cfbundle; includeInIndex = 0; path = BuildAutomationTests.xctest; sourceTree = BUILT_PRODUCTS_DIR; };
		F9369A7B1F2713D000AC5F1A /* BuildAutomationTests.swift */ = {isa = PBXFileReference; lastKnownFileType = sourcecode.swift; path = BuildAutomationTests.swift; sourceTree = "<group>"; };
		F9369A7D1F2713D000AC5F1A /* Info.plist */ = {isa = PBXFileReference; lastKnownFileType = text.plist.xml; path = Info.plist; sourceTree = "<group>"; };
/* End PBXFileReference section */

/* Begin PBXFrameworksBuildPhase section */
		F9369A601F2713D000AC5F1A /* Frameworks */ = {
			isa = PBXFrameworksBuildPhase;
			buildActionMask = 2147483647;
			files = (
			);
			runOnlyForDeploymentPostprocessing = 0;
		};
		F9369A741F2713D000AC5F1A /* Frameworks */ = {
			isa = PBXFrameworksBuildPhase;
			buildActionMask = 2147483647;
			files = (
			);
			runOnlyForDeploymentPostprocessing = 0;
		};
/* End PBXFrameworksBuildPhase section */

/* Begin PBXGroup section */
		F9369A5A1F2713D000AC5F1A = {
			isa = PBXGroup;
			children = (
				F9369A651F2713D000AC5F1A /* BuildAutomation */,
				F9369A7A1F2713D000AC5F1A /* BuildAutomationTests */,
				F9369A641F2713D000AC5F1A /* Products */,
			);
			sourceTree = "<group>";
		};
		F9369A641F2713D000AC5F1A /* Products */ = {
			isa = PBXGroup;
			children = (
				F9369A631F2713D000AC5F1A /* BuildAutomation.app */,
				F9369A771F2713D000AC5F1A /* BuildAutomationTests.xctest */,
			);
			name = Products;
			sourceTree = "<group>";
		};
		F9369A651F2713D000AC5F1A /* BuildAutomation */ = {
			isa = PBXGroup;
			children = (
				F9369A661F2713D000AC5F1A /* AppDelegate.swift */,
				F9369A681F2713D000AC5F1A /* ViewController.swift */,
				F9369A6A1F2713D000AC5F1A /* Main.storyboard */,
				F9369A6D1F2713D000AC5F1A /* Assets.xcassets */,
				F9369A6F1F2713D000AC5F1A /* LaunchScreen.storyboard */,
				F9369A721F2713D000AC5F1A /* Info.plist */,
			);
			path = BuildAutomation;
			sourceTree = "<group>";
		};
		F9369A7A1F2713D000AC5F1A /* BuildAutomationTests */ = {
			isa = PBXGroup;
			children = (
				F9369A7B1F2713D000AC5F1A /* BuildAutomationTests.swift */,
				F9369A7D1F2713D000AC5F1A /* Info.plist */,
			);
			path = BuildAutomationTests;
			sourceTree = "<group>";
		};
/* End PBXGroup section */

/* Begin PBXNativeTarget section */
		F9369A621F2713D000AC5F1A /* BuildAutomation */ = {
			isa = PBXNativeTarget;
			buildConfigurationList = F9369A801F2713D000AC5F1A /* Build configuration list for PBXNativeTarget "BuildAutomation" */;
			buildPhases = (
				F9369A5F1F2713D000AC5F1A /* Sources */,
				F9369A601F2713D000AC5F1A /* Frameworks */,
				F9369A611F2713D000AC5F1A /* Resources */,
			);
			buildRules = (
			);
			dependencies = (
			);
			name = BuildAutomation;
			productName = BuildAutomation;
			productReference = F9369A631F2713D000AC5F1A /* BuildAutomation.app */;
			productType = "com.apple.product-type.application";
		};
		F9369A761F2713D000AC5F1A /* BuildAutomationTests */ = {
			isa = PBXNativeTarget;
			buildConfigurationList = F9369A831F2713D000AC5F1A /* Build configuration list for PBXNativeTarget "BuildAutomationTests" */;
			buildPhases = (
				F9369A731F2713D000AC5F1A /* Sources */,
				F9369A741F2713D000AC5F1A /* Frameworks */,
				F9369A751F2713D000AC5F1A /* Resources */,
			);
			buildRules = (
			);
			dependencies = (
				F9369A791F2713D000AC5F1A /* PBXTargetDependency */,
			);
			name = BuildAutomationTests;
			productName = BuildAutomationTests;
			productReference = F9369A771F2713D000AC5F1A /* BuildAutomationTests.xctest */;
			productType = "com.apple.product-type.bundle.unit-test";
		};
/* End PBXNativeTarget section */

/* Begin PBXProject section */
		F9369A5B1F2713D000AC5F1A /* Project object */ = {
			isa = PBXProject;
			attributes = {
				LastSwiftUpdateCheck = 0830;
				LastUpgradeCheck = 0830;
				ORGANIZATIONNAME = tkwatanabe;
				TargetAttributes = {
					F9369A621F2713D000AC5F1A = {
						CreatedOnToolsVersion = 8.3.3;
						DevelopmentTeam = YD3LU335TP;
						ProvisioningStyle = Manual;
					};
					F9369A761F2713D000AC5F1A = {
						CreatedOnToolsVersion = 8.3.3;
						DevelopmentTeam = 38HYQS5SV4;
						ProvisioningStyle = Automatic;
						TestTargetID = F9369A621F2713D000AC5F1A;
					};
				};
			};
			buildConfigurationList = F9369A5E1F2713D000AC5F1A /* Build configuration list for PBXProject "BuildAutomation" */;
			compatibilityVersion = "Xcode 3.2";
			developmentRegion = English;
			hasScannedForEncodings = 0;
			knownRegions = (
				en,
				Base,
			);
			mainGroup = F9369A5A1F2713D000AC5F1A;
			productRefGroup = F9369A641F2713D000AC5F1A /* Products */;
			projectDirPath = "";
			projectRoot = "";
			targets = (
				F9369A621F2713D000AC5F1A /* BuildAutomation */,
				F9369A761F2713D000AC5F1A /* BuildAutomationTests */,
			);
		};
/* End PBXProject section */

/* Begin PBXResourcesBuildPhase section */
		F9369A611F2713D000AC5F1A /* Resources */ = {
			isa = PBXResourcesBuildPhase;
			buildActionMask = 2147483647;
			files = (
				F9369A711F2713D000AC5F1A /* LaunchScreen.storyboard in Resources */,
				F9369A6E1F2713D000AC5F1A /* Assets.xcassets in Resources */,
				F9369A6C1F2713D000AC5F1A /* Main.storyboard in Resources */,
			);
			runOnlyForDeploymentPostprocessing = 0;
		};
		F9369A751F2713D000AC5F1A /* Resources */ = {
			isa = PBXResourcesBuildPhase;
			buildActionMask = 2147483647;
			files = (
			);
			runOnlyForDeploymentPostprocessing = 0;
		};
/* End PBXResourcesBuildPhase section */

/* Begin PBXSourcesBuildPhase section */
		F9369A5F1F2713D000AC5F1A /* Sources */ = {
			isa = PBXSourcesBuildPhase;
			buildActionMask = 2147483647;
			files = (
				F9369A691F2713D000AC5F1A /* ViewController.swift in Sources */,
				F9369A671F2713D000AC5F1A /* AppDelegate.swift in Sources */,
			);
			runOnlyForDeploymentPostprocessing = 0;
		};
		F9369A731F2713D000AC5F1A /* Sources */ = {
			isa = PBXSourcesBuildPhase;
			buildActionMask = 2147483647;
			files = (
				F9369A7C1F2713D000AC5F1A /* BuildAutomationTests.swift in Sources */,
			);
			runOnlyForDeploymentPostprocessing = 0;
		};
/* End PBXSourcesBuildPhase section */

/* Begin PBXTargetDependency section */
		F9369A791F2713D000AC5F1A /* PBXTargetDependency */ = {
			isa = PBXTargetDependency;
			target = F9369A621F2713D000AC5F1A /* BuildAutomation */;
			targetProxy = F9369A781F2713D000AC5F1A /* PBXContainerItemProxy */;
		};
/* End PBXTargetDependency section */

/* Begin PBXVariantGroup section */
		F9369A6A1F2713D000AC5F1A /* Main.storyboard */ = {
			isa = PBXVariantGroup;
			children = (
				F9369A6B1F2713D000AC5F1A /* Base */,
			);
			name = Main.storyboard;
			sourceTree = "<group>";
		};
		F9369A6F1F2713D000AC5F1A /* LaunchScreen.storyboard */ = {
			isa = PBXVariantGroup;
			children = (
				F9369A701F2713D000AC5F1A /* Base */,
			);
			name = LaunchScreen.storyboard;
			sourceTree = "<group>";
		};
/* End PBXVariantGroup section */

/* Begin XCBuildConfiguration section */
		F9369A7E1F2713D000AC5F1A /* Debug */ = {
			isa = XCBuildConfiguration;
			buildSettings = {
				ALWAYS_SEARCH_USER_PATHS = NO;
				CLANG_ANALYZER_NONNULL = YES;
				CLANG_ANALYZER_NUMBER_OBJECT_CONVERSION = YES_AGGRESSIVE;
				CLANG_CXX_LANGUAGE_STANDARD = "gnu++0x";
				CLANG_CXX_LIBRARY = "libc++";
				CLANG_ENABLE_MODULES = YES;
				CLANG_ENABLE_OBJC_ARC = YES;
				CLANG_WARN_BOOL_CONVERSION = YES;
				CLANG_WARN_CONSTANT_CONVERSION = YES;
				CLANG_WARN_DIRECT_OBJC_ISA_USAGE = YES_ERROR;
				CLANG_WARN_DOCUMENTATION_COMMENTS = YES;
				CLANG_WARN_EMPTY_BODY = YES;
				CLANG_WARN_ENUM_CONVERSION = YES;
				CLANG_WARN_INFINITE_RECURSION = YES;
				CLANG_WARN_INT_CONVERSION = YES;
				CLANG_WARN_OBJC_ROOT_CLASS = YES_ERROR;
				CLANG_WARN_SUSPICIOUS_MOVE = YES;
				CLANG_WARN_UNREACHABLE_CODE = YES;
				CLANG_WARN__DUPLICATE_METHOD_MATCH = YES;
				"CODE_SIGN_IDENTITY[sdk=iphoneos*]" = "iPhone Developer";
				COPY_PHASE_STRIP = NO;
				DEBUG_INFORMATION_FORMAT = dwarf;
				ENABLE_STRICT_OBJC_MSGSEND = YES;
				ENABLE_TESTABILITY = YES;
				GCC_C_LANGUAGE_STANDARD = gnu99;
				GCC_DYNAMIC_NO_PIC = NO;
				GCC_NO_COMMON_BLOCKS = YES;
				GCC_OPTIMIZATION_LEVEL = 0;
				GCC_PREPROCESSOR_DEFINITIONS = (
					"DEBUG=1",
					"$(inherited)",
				);
				GCC_WARN_64_TO_32_BIT_CONVERSION = YES;
				GCC_WARN_ABOUT_RETURN_TYPE = YES_ERROR;
				GCC_WARN_UNDECLARED_SELECTOR = YES;
				GCC_WARN_UNINITIALIZED_AUTOS = YES_AGGRESSIVE;
				GCC_WARN_UNUSED_FUNCTION = YES;
				GCC_WARN_UNUSED_VARIABLE = YES;
				IPHONEOS_DEPLOYMENT_TARGET = 10.3;
				MTL_ENABLE_DEBUG_INFO = YES;
				ONLY_ACTIVE_ARCH = YES;
				SDKROOT = iphoneos;
				SWIFT_ACTIVE_COMPILATION_CONDITIONS = DEBUG;
				SWIFT_OPTIMIZATION_LEVEL = "-Onone";
			};
			name = Debug;
		};
		F9369A7F1F2713D000AC5F1A /* Release */ = {
			isa = XCBuildConfiguration;
			buildSettings = {
				ALWAYS_SEARCH_USER_PATHS = NO;
				CLANG_ANALYZER_NONNULL = YES;
				CLANG_ANALYZER_NUMBER_OBJECT_CONVERSION = YES_AGGRESSIVE;
				CLANG_CXX_LANGUAGE_STANDARD = "gnu++0x";
				CLANG_CXX_LIBRARY = "libc++";
				CLANG_ENABLE_MODULES = YES;
				CLANG_ENABLE_OBJC_ARC = YES;
				CLANG_WARN_BOOL_CONVERSION = YES;
				CLANG_WARN_CONSTANT_CONVERSION = YES;
				CLANG_WARN_DIRECT_OBJC_ISA_USAGE = YES_ERROR;
				CLANG_WARN_DOCUMENTATION_COMMENTS = YES;
				CLANG_WARN_EMPTY_BODY = YES;
				CLANG_WARN_ENUM_CONVERSION = YES;
				CLANG_WARN_INFINITE_RECURSION = YES;
				CLANG_WARN_INT_CONVERSION = YES;
				CLANG_WARN_OBJC_ROOT_CLASS = YES_ERROR;
				CLANG_WARN_SUSPICIOUS_MOVE = YES;
				CLANG_WARN_UNREACHABLE_CODE = YES;
				CLANG_WARN__DUPLICATE_METHOD_MATCH = YES;
				"CODE_SIGN_IDENTITY[sdk=iphoneos*]" = "iPhone Developer";
				COPY_PHASE_STRIP = NO;
				DEBUG_INFORMATION_FORMAT = "dwarf-with-dsym";
				ENABLE_NS_ASSERTIONS = NO;
				ENABLE_STRICT_OBJC_MSGSEND = YES;
				GCC_C_LANGUAGE_STANDARD = gnu99;
				GCC_NO_COMMON_BLOCKS = YES;
				GCC_WARN_64_TO_32_BIT_CONVERSION = YES;
				GCC_WARN_ABOUT_RETURN_TYPE = YES_ERROR;
				GCC_WARN_UNDECLARED_SELECTOR = YES;
				GCC_WARN_UNINITIALIZED_AUTOS = YES_AGGRESSIVE;
				GCC_WARN_UNUSED_FUNCTION = YES;
				GCC_WARN_UNUSED_VARIABLE = YES;
				IPHONEOS_DEPLOYMENT_TARGET = 10.3;
				MTL_ENABLE_DEBUG_INFO = NO;
				SDKROOT = iphoneos;
				SWIFT_OPTIMIZATION_LEVEL = "-Owholemodule";
				VALIDATE_PRODUCT = YES;
			};
			name = Release;
		};
		F9369A811F2713D000AC5F1A /* Debug */ = {
			isa = XCBuildConfiguration;
			buildSettings = {
				ASSETCATALOG_COMPILER_APPICON_NAME = AppIcon;
				"CODE_SIGN_IDENTITY[sdk=iphoneos*]" = "iPhone Developer";
				DEVELOPMENT_TEAM = YD3LU335TP;
				INFOPLIST_FILE = BuildAutomation/Info.plist;
				LD_RUNPATH_SEARCH_PATHS = "$(inherited) @executable_path/Frameworks";
				PRODUCT_BUNDLE_IDENTIFIER = jp.co.shinwart.BuildAutomations;
				PRODUCT_NAME = "$(TARGET_NAME)";
				PROVISIONING_PROFILE = "1475ef57-2f0d-48d5-85ae-af9504404779";
				PROVISIONING_PROFILE_SPECIFIER = "automation sample";
				SWIFT_VERSION = 3.0;
			};
			name = Debug;
		};
		F9369A821F2713D000AC5F1A /* Release */ = {
			isa = XCBuildConfiguration;
			buildSettings = {
				ASSETCATALOG_COMPILER_APPICON_NAME = AppIcon;
				"CODE_SIGN_IDENTITY[sdk=iphoneos*]" = "iPhone Developer";
				DEVELOPMENT_TEAM = YD3LU335TP;
				INFOPLIST_FILE = BuildAutomation/Info.plist;
				LD_RUNPATH_SEARCH_PATHS = "$(inherited) @executable_path/Frameworks";
				PRODUCT_BUNDLE_IDENTIFIER = jp.co.shinwart.BuildAutomations;
				PRODUCT_NAME = "$(TARGET_NAME)";
				PROVISIONING_PROFILE = "1475ef57-2f0d-48d5-85ae-af9504404779";
				PROVISIONING_PROFILE_SPECIFIER = "automation sample";
				SWIFT_VERSION = 3.0;
			};
			name = Release;
		};
		F9369A841F2713D000AC5F1A /* Debug */ = {
			isa = XCBuildConfiguration;
			buildSettings = {
				ALWAYS_EMBED_SWIFT_STANDARD_LIBRARIES = YES;
				BUNDLE_LOADER = "$(TEST_HOST)";
				DEVELOPMENT_TEAM = 38HYQS5SV4;
				INFOPLIST_FILE = BuildAutomationTests/Info.plist;
				LD_RUNPATH_SEARCH_PATHS = "$(inherited) @executable_path/Frameworks @loader_path/Frameworks";
				PRODUCT_BUNDLE_IDENTIFIER = jp.co.shinwart.BuildAutomationTests;
				PRODUCT_NAME = "$(TARGET_NAME)";
				SWIFT_VERSION = 3.0;
				TEST_HOST = "$(BUILT_PRODUCTS_DIR)/BuildAutomation.app/BuildAutomation";
			};
			name = Debug;
		};
		F9369A851F2713D000AC5F1A /* Release */ = {
			isa = XCBuildConfiguration;
			buildSettings = {
				ALWAYS_EMBED_SWIFT_STANDARD_LIBRARIES = YES;
				BUNDLE_LOADER = "$(TEST_HOST)";
				DEVELOPMENT_TEAM = 38HYQS5SV4;
				INFOPLIST_FILE = BuildAutomationTests/Info.plist;
				LD_RUNPATH_SEARCH_PATHS = "$(inherited) @executable_path/Frameworks @loader_path/Frameworks";
				PRODUCT_BUNDLE_IDENTIFIER = jp.co.shinwart.BuildAutomationTests;
				PRODUCT_NAME = "$(TARGET_NAME)";
				SWIFT_VERSION = 3.0;
				TEST_HOST = "$(BUILT_PRODUCTS_DIR)/BuildAutomation.app/BuildAutomation";
			};
			name = Release;
		};
		F9369A861F2713E800AC5F1A /* Develop */ = {
			isa = XCBuildConfiguration;
			buildSettings = {
				ALWAYS_SEARCH_USER_PATHS = NO;
				CLANG_ANALYZER_NONNULL = YES;
				CLANG_ANALYZER_NUMBER_OBJECT_CONVERSION = YES_AGGRESSIVE;
				CLANG_CXX_LANGUAGE_STANDARD = "gnu++0x";
				CLANG_CXX_LIBRARY = "libc++";
				CLANG_ENABLE_MODULES = YES;
				CLANG_ENABLE_OBJC_ARC = YES;
				CLANG_WARN_BOOL_CONVERSION = YES;
				CLANG_WARN_CONSTANT_CONVERSION = YES;
				CLANG_WARN_DIRECT_OBJC_ISA_USAGE = YES_ERROR;
				CLANG_WARN_DOCUMENTATION_COMMENTS = YES;
				CLANG_WARN_EMPTY_BODY = YES;
				CLANG_WARN_ENUM_CONVERSION = YES;
				CLANG_WARN_INFINITE_RECURSION = YES;
				CLANG_WARN_INT_CONVERSION = YES;
				CLANG_WARN_OBJC_ROOT_CLASS = YES_ERROR;
				CLANG_WARN_SUSPICIOUS_MOVE = YES;
				CLANG_WARN_UNREACHABLE_CODE = YES;
				CLANG_WARN__DUPLICATE_METHOD_MATCH = YES;
				"CODE_SIGN_IDENTITY[sdk=iphoneos*]" = "iPhone Developer";
				COPY_PHASE_STRIP = NO;
				DEBUG_INFORMATION_FORMAT = dwarf;
				ENABLE_STRICT_OBJC_MSGSEND = YES;
				ENABLE_TESTABILITY = YES;
				GCC_C_LANGUAGE_STANDARD = gnu99;
				GCC_DYNAMIC_NO_PIC = NO;
				GCC_NO_COMMON_BLOCKS = YES;
				GCC_OPTIMIZATION_LEVEL = 0;
				GCC_PREPROCESSOR_DEFINITIONS = (
					"DEBUG=1",
					"$(inherited)",
				);
				GCC_WARN_64_TO_32_BIT_CONVERSION = YES;
				GCC_WARN_ABOUT_RETURN_TYPE = YES_ERROR;
				GCC_WARN_UNDECLARED_SELECTOR = YES;
				GCC_WARN_UNINITIALIZED_AUTOS = YES_AGGRESSIVE;
				GCC_WARN_UNUSED_FUNCTION = YES;
				GCC_WARN_UNUSED_VARIABLE = YES;
				IPHONEOS_DEPLOYMENT_TARGET = 10.3;
				MTL_ENABLE_DEBUG_INFO = YES;
				ONLY_ACTIVE_ARCH = YES;
				SDKROOT = iphoneos;
				SWIFT_ACTIVE_COMPILATION_CONDITIONS = DEBUG;
				SWIFT_OPTIMIZATION_LEVEL = "-Onone";
			};
			name = Develop;
		};
		F9369A871F2713E800AC5F1A /* Develop */ = {
			isa = XCBuildConfiguration;
			buildSettings = {
				ASSETCATALOG_COMPILER_APPICON_NAME = AppIcon;
				"CODE_SIGN_IDENTITY[sdk=iphoneos*]" = "iPhone Developer";
				DEVELOPMENT_TEAM = YD3LU335TP;
				INFOPLIST_FILE = BuildAutomation/Info.plist;
				LD_RUNPATH_SEARCH_PATHS = "$(inherited) @executable_path/Frameworks";
				PRODUCT_BUNDLE_IDENTIFIER = jp.co.shinwart.BuildAutomations;
				PRODUCT_NAME = "$(TARGET_NAME)";
				PROVISIONING_PROFILE = "1475ef57-2f0d-48d5-85ae-af9504404779";
				PROVISIONING_PROFILE_SPECIFIER = "automation sample";
				SWIFT_ACTIVE_COMPILATION_CONDITIONS = DEVELOP;
				SWIFT_VERSION = 3.0;
			};
			name = Develop;
		};
		F9369A881F2713E800AC5F1A /* Develop */ = {
			isa = XCBuildConfiguration;
			buildSettings = {
				ALWAYS_EMBED_SWIFT_STANDARD_LIBRARIES = YES;
				BUNDLE_LOADER = "$(TEST_HOST)";
				DEVELOPMENT_TEAM = 38HYQS5SV4;
				INFOPLIST_FILE = BuildAutomationTests/Info.plist;
				LD_RUNPATH_SEARCH_PATHS = "$(inherited) @executable_path/Frameworks @loader_path/Frameworks";
				PRODUCT_BUNDLE_IDENTIFIER = jp.co.shinwart.BuildAutomationTests;
				PRODUCT_NAME = "$(TARGET_NAME)";
				SWIFT_VERSION = 3.0;
				TEST_HOST = "$(BUILT_PRODUCTS_DIR)/BuildAutomation.app/BuildAutomation";
			};
			name = Develop;
		};
/* End XCBuildConfiguration section */

/* Begin XCConfigurationList section */
		F9369A5E1F2713D000AC5F1A /* Build configuration list for PBXProject "BuildAutomation" */ = {
			isa = XCConfigurationList;
			buildConfigurations = (
				F9369A7E1F2713D000AC5F1A /* Debug */,
				F9369A861F2713E800AC5F1A /* Develop */,
				F9369A7F1F2713D000AC5F1A /* Release */,
			);
			defaultConfigurationIsVisible = 0;
			defaultConfigurationName = Release;
		};
		F9369A801F2713D000AC5F1A /* Build configuration list for PBXNativeTarget "BuildAutomation" */ = {
			isa = XCConfigurationList;
			buildConfigurations = (
				F9369A811F2713D000AC5F1A /* Debug */,
				F9369A871F2713E800AC5F1A /* Develop */,
				F9369A821F2713D000AC5F1A /* Release */,
			);
			defaultConfigurationIsVisible = 0;
			defaultConfigurationName = Release;
		};
		F9369A831F2713D000AC5F1A /* Build configuration list for PBXNativeTarget "BuildAutomationTests" */ = {
			isa = XCConfigurationList;
			buildConfigurations = (
				F9369A841F2713D000AC5F1A /* Debug */,
				F9369A881F2713E800AC5F1A /* Develop */,
				F9369A851F2713D000AC5F1A /* Release */,
			);
			defaultConfigurationIsVisible = 0;
			defaultConfigurationName = Release;
		};
/* End XCConfigurationList section */
	};
	rootObject = F9369A5B1F2713D000AC5F1A /* Project object */;
}
